{
    "_readme": [
        "This file locks the dependencies of your project to a known state",
        "Read more about it at http://getcomposer.org/doc/01-basic-usage.md#composer-lock-the-lock-file",
        "This file is @generated automatically"
    ],
    "hash": "122fdd0d2c4c4e0fe981c9855581d373",
    "packages": [
        {
            "name": "php-curl-class/php-curl-class",
            "version": "dev-master",
            "source": {
                "type": "git",
                "url": "https://github.com/php-curl-class/php-curl-class.git",
                "reference": "ef8aad48743600f2d625dcd1683b835c41616f1f"
            },
            "dist": {
                "type": "zip",
                "url": "https://api.github.com/repos/php-curl-class/php-curl-class/zipball/ef8aad48743600f2d625dcd1683b835c41616f1f",
                "reference": "ef8aad48743600f2d625dcd1683b835c41616f1f",
                "shasum": ""
            },
            "require": {
                "ext-curl": "*",
                "php": ">=5.3"
            },
            "require-dev": {
                "phpunit/phpunit": "*"
            },
            "type": "library",
            "autoload": {
                "classmap": [
                    "src/"
                ]
            },
            "notification-url": "https://packagist.org/downloads/",
            "license": [
                "Unlicense"
            ],
            "authors": [
                {
                    "name": "Zach Borboa"
                }
            ],
            "description": "PHP Curl Class is an object-oriented wrapper of the PHP cURL extension.",
            "homepage": "https://github.com/php-curl-class/php-curl-class",
            "keywords": [
                "class",
                "curl",
                "php"
            ],
            "time": "2015-03-02 20:26:06"
        }
    ],
    "packages-dev": [],
    "aliases": [],
    "minimum-stability": "stable",
    "stability-flags": {
        "php-curl-class/php-curl-class": 20
    },
    "prefer-stable": false,
    "prefer-lowest": false,
    "platform": {
        "php": ">=5.4"
    },
    "platform-dev": []
}
